
Microsoft Visual Studio Solution File, Format Version 12.00
# Visual Studio Version 17
VisualStudioVersion = 17.8.34525.116
MinimumVisualStudioVersion = 10.0.40219.1
Project("{9A19103F-16F7-4668-BE54-9A1E7A4F7556}") = "Hypocrite.Container", "Hypocrite.Container\Hypocrite.Container.csproj", "{484D593F-975C-41AE-A7EC-5980596A9A58}"
EndProject
Project("{9A19103F-16F7-4668-BE54-9A1E7A4F7556}") = "Hypocrite.Benchmarks", "Hypocrite.Benchmarks\Hypocrite.Benchmarks.csproj", "{45DE72AC-8E92-49EF-8A80-C76C38AEB4DB}"
EndProject
Project("{FAE04EC0-301F-11D3-BF4B-00C04F79EFBC}") = "Hypocrite.Container.Prism", "Hypocrite.Container.Prism\Hypocrite.Container.Prism.csproj", "{4A64C51C-88F0-4BA9-9B70-564C9577F078}"
EndProject
Global
	GlobalSection(SolutionConfigurationPlatforms) = preSolution
		Debug|Any CPU = Debug|Any CPU
		Release|Any CPU = Release|Any CPU
	EndGlobalSection
	GlobalSection(ProjectConfigurationPlatforms) = postSolution
		{484D593F-975C-41AE-A7EC-5980596A9A58}.Debug|Any CPU.ActiveCfg = Debug|Any CPU
		{484D593F-975C-41AE-A7EC-5980596A9A58}.Debug|Any CPU.Build.0 = Debug|Any CPU
		{484D593F-975C-41AE-A7EC-5980596A9A58}.Release|Any CPU.ActiveCfg = Release|Any CPU
		{484D593F-975C-41AE-A7EC-5980596A9A58}.Release|Any CPU.Build.0 = Release|Any CPU
		{45DE72AC-8E92-49EF-8A80-C76C38AEB4DB}.Debug|Any CPU.ActiveCfg = Debug|Any CPU
		{45DE72AC-8E92-49EF-8A80-C76C38AEB4DB}.Debug|Any CPU.Build.0 = Debug|Any CPU
		{45DE72AC-8E92-49EF-8A80-C76C38AEB4DB}.Release|Any CPU.ActiveCfg = Release|Any CPU
		{45DE72AC-8E92-49EF-8A80-C76C38AEB4DB}.Release|Any CPU.Build.0 = Release|Any CPU
		{4A64C51C-88F0-4BA9-9B70-564C9577F078}.Debug|Any CPU.ActiveCfg = Debug|Any CPU
		{4A64C51C-88F0-4BA9-9B70-564C9577F078}.Debug|Any CPU.Build.0 = Debug|Any CPU
		{4A64C51C-88F0-4BA9-9B70-564C9577F078}.Release|Any CPU.ActiveCfg = Release|Any CPU
		{4A64C51C-88F0-4BA9-9B70-564C9577F078}.Release|Any CPU.Build.0 = Release|Any CPU
	EndGlobalSection
	GlobalSection(SolutionProperties) = preSolution
		HideSolutionNode = FALSE
	EndGlobalSection
	GlobalSection(ExtensibilityGlobals) = postSolution
		SolutionGuid = {09431855-A9D0-4466-BF23-FE6A10126CAD}
	EndGlobalSection
EndGlobal
